// !$*UTF8*$!
{
	archiveVersion = 1;
	classes = {
	};
	objectVersion = 50;
	objects = {

/* Begin PBXBuildFile section */
		291DC99922FB533E0043FBDD /* ZebraSwift.h in Headers */ = {isa = PBXBuildFile; fileRef = 291DC99722FB533E0043FBDD /* ZebraSwift.h */; settings = {ATTRIBUTES = (Public, ); }; };
		29F31B3D22FB59CC00D2968E /* AppDelegate.swift in Sources */ = {isa = PBXBuildFile; fileRef = 29F31B3C22FB59CC00D2968E /* AppDelegate.swift */; };
		29F31B3F22FB59CC00D2968E /* ViewController.swift in Sources */ = {isa = PBXBuildFile; fileRef = 29F31B3E22FB59CC00D2968E /* ViewController.swift */; };
		29F31B4222FB59CC00D2968E /* Main.storyboard in Resources */ = {isa = PBXBuildFile; fileRef = 29F31B4022FB59CC00D2968E /* Main.storyboard */; };
		29F31B4522FB59CC00D2968E /* ZebraSwiftExample.xcdatamodeld in Sources */ = {isa = PBXBuildFile; fileRef = 29F31B4322FB59CC00D2968E /* ZebraSwiftExample.xcdatamodeld */; };
		29F31B4722FB59CD00D2968E /* Assets.xcassets in Resources */ = {isa = PBXBuildFile; fileRef = 29F31B4622FB59CD00D2968E /* Assets.xcassets */; };
		29F31B4A22FB59CD00D2968E /* LaunchScreen.storyboard in Resources */ = {isa = PBXBuildFile; fileRef = 29F31B4822FB59CD00D2968E /* LaunchScreen.storyboard */; };
		29F31B5E22FB5A5F00D2968E /* SbtSdkFactory.h in Headers */ = {isa = PBXBuildFile; fileRef = 29F31B5722FB5A5E00D2968E /* SbtSdkFactory.h */; settings = {ATTRIBUTES = (Public, ); }; };
		29F31B5F22FB5A5F00D2968E /* RMDAttributes.h in Headers */ = {isa = PBXBuildFile; fileRef = 29F31B5822FB5A5E00D2968E /* RMDAttributes.h */; settings = {ATTRIBUTES = (Public, ); }; };
		29F31B6022FB5A5F00D2968E /* ISbtSdkApiDelegate.h in Headers */ = {isa = PBXBuildFile; fileRef = 29F31B5922FB5A5E00D2968E /* ISbtSdkApiDelegate.h */; settings = {ATTRIBUTES = (Public, ); }; };
		29F31B6122FB5A5F00D2968E /* SbtSdkDefs.h in Headers */ = {isa = PBXBuildFile; fileRef = 29F31B5A22FB5A5F00D2968E /* SbtSdkDefs.h */; settings = {ATTRIBUTES = (Public, ); }; };
		29F31B6322FB5A5F00D2968E /* SbtScannerInfo.h in Headers */ = {isa = PBXBuildFile; fileRef = 29F31B5C22FB5A5F00D2968E /* SbtScannerInfo.h */; settings = {ATTRIBUTES = (Public, ); }; };
		29F31B6422FB5A5F00D2968E /* FirmwareUpdateEvent.h in Headers */ = {isa = PBXBuildFile; fileRef = 29F31B5D22FB5A5F00D2968E /* FirmwareUpdateEvent.h */; settings = {ATTRIBUTES = (Public, ); }; };
		29F31B6722FB5AA500D2968E /* ZebraSwift.swift in Sources */ = {isa = PBXBuildFile; fileRef = 29F31B6622FB5AA500D2968E /* ZebraSwift.swift */; };
		29F31B6B22FB5B6B00D2968E /* ISbtSdkApi.h in Headers */ = {isa = PBXBuildFile; fileRef = 29F31B5B22FB5A5F00D2968E /* ISbtSdkApi.h */; settings = {ATTRIBUTES = (Public, ); }; };
		29F31B7022FB602500D2968E /* ZebraSwift.framework in Embed Frameworks */ = {isa = PBXBuildFile; fileRef = 291DC99422FB533E0043FBDD /* ZebraSwift.framework */; settings = {ATTRIBUTES = (CodeSignOnCopy, RemoveHeadersOnCopy, ); }; };
		29F31B7222FB605F00D2968E /* ZebraSwift.framework in Frameworks */ = {isa = PBXBuildFile; fileRef = 291DC99422FB533E0043FBDD /* ZebraSwift.framework */; };
		29F31B7522FB63A300D2968E /* libz.tbd in Frameworks */ = {isa = PBXBuildFile; fileRef = 29F31B7322FB638B00D2968E /* libz.tbd */; };
		29F31B7922FB643C00D2968E /* ExternalAccessory.framework in Frameworks */ = {isa = PBXBuildFile; fileRef = 29F31B7822FB643C00D2968E /* ExternalAccessory.framework */; };
		29F31B7A22FB650F00D2968E /* libsymbolbt-sdk.a in Frameworks */ = {isa = PBXBuildFile; fileRef = 29F31B5022FB5A1C00D2968E /* libsymbolbt-sdk.a */; };
		29F31B7C22FB659D00D2968E /* CoreBluetooth.framework in Frameworks */ = {isa = PBXBuildFile; fileRef = 29F31B7B22FB659D00D2968E /* CoreBluetooth.framework */; };
/* End PBXBuildFile section */

/* Begin PBXContainerItemProxy section */
		29F31B6D22FB5FD800D2968E /* PBXContainerItemProxy */ = {
			isa = PBXContainerItemProxy;
			containerPortal = 291DC98B22FB533E0043FBDD /* Project object */;
			proxyType = 1;
			remoteGlobalIDString = 291DC99322FB533E0043FBDD;
			remoteInfo = ZebraSwift;
		};
/* End PBXContainerItemProxy section */

/* Begin PBXCopyFilesBuildPhase section */
		29F31B7122FB602500D2968E /* Embed Frameworks */ = {
			isa = PBXCopyFilesBuildPhase;
			buildActionMask = 2147483647;
			dstPath = "";
			dstSubfolderSpec = 10;
			files = (
				29F31B7022FB602500D2968E /* ZebraSwift.framework in Embed Frameworks */,
			);
			name = "Embed Frameworks";
			runOnlyForDeploymentPostprocessing = 0;
		};
/* End PBXCopyFilesBuildPhase section */

/* Begin PBXFileReference section */
		291DC99422FB533E0043FBDD /* ZebraSwift.framework */ = {isa = PBXFileReference; explicitFileType = wrapper.framework; includeInIndex = 0; path = ZebraSwift.framework; sourceTree = BUILT_PRODUCTS_DIR; };
		291DC99722FB533E0043FBDD /* ZebraSwift.h */ = {isa = PBXFileReference; lastKnownFileType = sourcecode.c.h; path = ZebraSwift.h; sourceTree = "<group>"; };
		291DC99822FB533E0043FBDD /* Info.plist */ = {isa = PBXFileReference; lastKnownFileType = text.plist.xml; path = Info.plist; sourceTree = "<group>"; };
		29F31B3A22FB59CC00D2968E /* ZebraSwiftExample.app */ = {isa = PBXFileReference; explicitFileType = wrapper.application; includeInIndex = 0; path = ZebraSwiftExample.app; sourceTree = BUILT_PRODUCTS_DIR; };
		29F31B3C22FB59CC00D2968E /* AppDelegate.swift */ = {isa = PBXFileReference; lastKnownFileType = sourcecode.swift; path = AppDelegate.swift; sourceTree = "<group>"; };
		29F31B3E22FB59CC00D2968E /* ViewController.swift */ = {isa = PBXFileReference; lastKnownFileType = sourcecode.swift; path = ViewController.swift; sourceTree = "<group>"; };
		29F31B4122FB59CC00D2968E /* Base */ = {isa = PBXFileReference; lastKnownFileType = file.storyboard; name = Base; path = Base.lproj/Main.storyboard; sourceTree = "<group>"; };
		29F31B4422FB59CC00D2968E /* ZebraSwiftExample.xcdatamodel */ = {isa = PBXFileReference; lastKnownFileType = wrapper.xcdatamodel; path = ZebraSwiftExample.xcdatamodel; sourceTree = "<group>"; };
		29F31B4622FB59CD00D2968E /* Assets.xcassets */ = {isa = PBXFileReference; lastKnownFileType = folder.assetcatalog; path = Assets.xcassets; sourceTree = "<group>"; };
		29F31B4922FB59CD00D2968E /* Base */ = {isa = PBXFileReference; lastKnownFileType = file.storyboard; name = Base; path = Base.lproj/LaunchScreen.storyboard; sourceTree = "<group>"; };
		29F31B4B22FB59CD00D2968E /* Info.plist */ = {isa = PBXFileReference; lastKnownFileType = text.plist.xml; path = Info.plist; sourceTree = "<group>"; };
		29F31B5022FB5A1C00D2968E /* libsymbolbt-sdk.a */ = {isa = PBXFileReference; lastKnownFileType = archive.ar; path = "libsymbolbt-sdk.a"; sourceTree = "<group>"; };
		29F31B5722FB5A5E00D2968E /* SbtSdkFactory.h */ = {isa = PBXFileReference; fileEncoding = 4; lastKnownFileType = sourcecode.c.h; path = SbtSdkFactory.h; sourceTree = "<group>"; };
		29F31B5822FB5A5E00D2968E /* RMDAttributes.h */ = {isa = PBXFileReference; fileEncoding = 4; lastKnownFileType = sourcecode.c.h; path = RMDAttributes.h; sourceTree = "<group>"; };
		29F31B5922FB5A5E00D2968E /* ISbtSdkApiDelegate.h */ = {isa = PBXFileReference; fileEncoding = 4; lastKnownFileType = sourcecode.c.h; path = ISbtSdkApiDelegate.h; sourceTree = "<group>"; };
		29F31B5A22FB5A5F00D2968E /* SbtSdkDefs.h */ = {isa = PBXFileReference; fileEncoding = 4; lastKnownFileType = sourcecode.c.h; path = SbtSdkDefs.h; sourceTree = "<group>"; };
		29F31B5B22FB5A5F00D2968E /* ISbtSdkApi.h */ = {isa = PBXFileReference; fileEncoding = 4; lastKnownFileType = sourcecode.c.h; path = ISbtSdkApi.h; sourceTree = "<group>"; };
		29F31B5C22FB5A5F00D2968E /* SbtScannerInfo.h */ = {isa = PBXFileReference; fileEncoding = 4; lastKnownFileType = sourcecode.c.h; path = SbtScannerInfo.h; sourceTree = "<group>"; };
		29F31B5D22FB5A5F00D2968E /* FirmwareUpdateEvent.h */ = {isa = PBXFileReference; fileEncoding = 4; lastKnownFileType = sourcecode.c.h; path = FirmwareUpdateEvent.h; sourceTree = "<group>"; };
		29F31B6622FB5AA500D2968E /* ZebraSwift.swift */ = {isa = PBXFileReference; lastKnownFileType = sourcecode.swift; path = ZebraSwift.swift; sourceTree = "<group>"; };
		29F31B7322FB638B00D2968E /* libz.tbd */ = {isa = PBXFileReference; lastKnownFileType = "sourcecode.text-based-dylib-definition"; name = libz.tbd; path = usr/lib/libz.tbd; sourceTree = SDKROOT; };
		29F31B7622FB63F400D2968E /* libc++.tbd */ = {isa = PBXFileReference; lastKnownFileType = "sourcecode.text-based-dylib-definition"; name = "libc++.tbd"; path = "usr/lib/libc++.tbd"; sourceTree = SDKROOT; };
		29F31B7822FB643C00D2968E /* ExternalAccessory.framework */ = {isa = PBXFileReference; lastKnownFileType = wrapper.framework; name = ExternalAccessory.framework; path = System/Library/Frameworks/ExternalAccessory.framework; sourceTree = SDKROOT; };
		29F31B7B22FB659D00D2968E /* CoreBluetooth.framework */ = {isa = PBXFileReference; lastKnownFileType = wrapper.framework; name = CoreBluetooth.framework; path = System/Library/Frameworks/CoreBluetooth.framework; sourceTree = SDKROOT; };
/* End PBXFileReference section */

/* Begin PBXFrameworksBuildPhase section */
		291DC99122FB533E0043FBDD /* Frameworks */ = {
			isa = PBXFrameworksBuildPhase;
			buildActionMask = 2147483647;
			files = (
				29F31B7C22FB659D00D2968E /* CoreBluetooth.framework in Frameworks */,
				29F31B7922FB643C00D2968E /* ExternalAccessory.framework in Frameworks */,
				29F31B7522FB63A300D2968E /* libz.tbd in Frameworks */,
				29F31B7A22FB650F00D2968E /* libsymbolbt-sdk.a in Frameworks */,
			);
			runOnlyForDeploymentPostprocessing = 0;
		};
		29F31B3722FB59CC00D2968E /* Frameworks */ = {
			isa = PBXFrameworksBuildPhase;
			buildActionMask = 2147483647;
			files = (
				29F31B7222FB605F00D2968E /* ZebraSwift.framework in Frameworks */,
			);
			runOnlyForDeploymentPostprocessing = 0;
		};
/* End PBXFrameworksBuildPhase section */

/* Begin PBXGroup section */
		291DC98A22FB533E0043FBDD = {
			isa = PBXGroup;
			children = (
				291DC99622FB533E0043FBDD /* ZebraSwift */,
				29F31B3B22FB59CC00D2968E /* ZebraSwiftExample */,
				291DC99522FB533E0043FBDD /* Products */,
				29F31B6922FB5AE000D2968E /* Frameworks */,
			);
			sourceTree = "<group>";
		};
		291DC99522FB533E0043FBDD /* Products */ = {
			isa = PBXGroup;
			children = (
				291DC99422FB533E0043FBDD /* ZebraSwift.framework */,
				29F31B3A22FB59CC00D2968E /* ZebraSwiftExample.app */,
			);
			name = Products;
			sourceTree = "<group>";
		};
		291DC99622FB533E0043FBDD /* ZebraSwift */ = {
			isa = PBXGroup;
			children = (
				29F31B6522FB5A7D00D2968E /* Interface */,
				29F31B4F22FB59FF00D2968E /* Source */,
				291DC99722FB533E0043FBDD /* ZebraSwift.h */,
				291DC99822FB533E0043FBDD /* Info.plist */,
			);
			path = ZebraSwift;
			sourceTree = "<group>";
		};
		29F31B3B22FB59CC00D2968E /* ZebraSwiftExample */ = {
			isa = PBXGroup;
			children = (
				29F31B3C22FB59CC00D2968E /* AppDelegate.swift */,
				29F31B3E22FB59CC00D2968E /* ViewController.swift */,
				29F31B4022FB59CC00D2968E /* Main.storyboard */,
				29F31B4622FB59CD00D2968E /* Assets.xcassets */,
				29F31B4822FB59CD00D2968E /* LaunchScreen.storyboard */,
				29F31B4B22FB59CD00D2968E /* Info.plist */,
				29F31B4322FB59CC00D2968E /* ZebraSwiftExample.xcdatamodeld */,
			);
			path = ZebraSwiftExample;
			sourceTree = "<group>";
		};
		29F31B4F22FB59FF00D2968E /* Source */ = {
			isa = PBXGroup;
			children = (
				29F31B5622FB5A4400D2968E /* include */,
				29F31B5022FB5A1C00D2968E /* libsymbolbt-sdk.a */,
			);
			path = Source;
			sourceTree = "<group>";
		};
		29F31B5622FB5A4400D2968E /* include */ = {
			isa = PBXGroup;
			children = (
				29F31B5B22FB5A5F00D2968E /* ISbtSdkApi.h */,
				29F31B5922FB5A5E00D2968E /* ISbtSdkApiDelegate.h */,
				29F31B5C22FB5A5F00D2968E /* SbtScannerInfo.h */,
				29F31B5D22FB5A5F00D2968E /* FirmwareUpdateEvent.h */,
				29F31B5722FB5A5E00D2968E /* SbtSdkFactory.h */,
				29F31B5822FB5A5E00D2968E /* RMDAttributes.h */,
				29F31B5A22FB5A5F00D2968E /* SbtSdkDefs.h */,
			);
			path = include;
			sourceTree = "<group>";
		};
		29F31B6522FB5A7D00D2968E /* Interface */ = {
			isa = PBXGroup;
			children = (
				29F31B6622FB5AA500D2968E /* ZebraSwift.swift */,
			);
			path = Interface;
			sourceTree = "<group>";
		};
		29F31B6922FB5AE000D2968E /* Frameworks */ = {
			isa = PBXGroup;
			children = (
				29F31B7B22FB659D00D2968E /* CoreBluetooth.framework */,
				29F31B7822FB643C00D2968E /* ExternalAccessory.framework */,
				29F31B7622FB63F400D2968E /* libc++.tbd */,
				29F31B7322FB638B00D2968E /* libz.tbd */,
			);
			name = Frameworks;
			sourceTree = "<group>";
		};
/* End PBXGroup section */

/* Begin PBXHeadersBuildPhase section */
		291DC98F22FB533E0043FBDD /* Headers */ = {
			isa = PBXHeadersBuildPhase;
			buildActionMask = 2147483647;
			files = (
				29F31B6B22FB5B6B00D2968E /* ISbtSdkApi.h in Headers */,
				29F31B5F22FB5A5F00D2968E /* RMDAttributes.h in Headers */,
				29F31B5E22FB5A5F00D2968E /* SbtSdkFactory.h in Headers */,
				29F31B6122FB5A5F00D2968E /* SbtSdkDefs.h in Headers */,
				291DC99922FB533E0043FBDD /* ZebraSwift.h in Headers */,
				29F31B6422FB5A5F00D2968E /* FirmwareUpdateEvent.h in Headers */,
				29F31B6322FB5A5F00D2968E /* SbtScannerInfo.h in Headers */,
				29F31B6022FB5A5F00D2968E /* ISbtSdkApiDelegate.h in Headers */,
			);
			runOnlyForDeploymentPostprocessing = 0;
		};
/* End PBXHeadersBuildPhase section */

/* Begin PBXNativeTarget section */
		291DC99322FB533E0043FBDD /* ZebraSwift */ = {
			isa = PBXNativeTarget;
			buildConfigurationList = 291DC99C22FB533E0043FBDD /* Build configuration list for PBXNativeTarget "ZebraSwift" */;
			buildPhases = (
				291DC98F22FB533E0043FBDD /* Headers */,
				291DC99022FB533E0043FBDD /* Sources */,
				291DC99122FB533E0043FBDD /* Frameworks */,
				291DC99222FB533E0043FBDD /* Resources */,
			);
			buildRules = (
			);
			dependencies = (
			);
			name = ZebraSwift;
			productName = ZebraSwift;
			productReference = 291DC99422FB533E0043FBDD /* ZebraSwift.framework */;
			productType = "com.apple.product-type.framework";
		};
		29F31B3922FB59CC00D2968E /* ZebraSwiftExample */ = {
			isa = PBXNativeTarget;
			buildConfigurationList = 29F31B4E22FB59CD00D2968E /* Build configuration list for PBXNativeTarget "ZebraSwiftExample" */;
			buildPhases = (
				29F31B3622FB59CC00D2968E /* Sources */,
				29F31B3722FB59CC00D2968E /* Frameworks */,
				29F31B3822FB59CC00D2968E /* Resources */,
				29F31B7122FB602500D2968E /* Embed Frameworks */,
			);
			buildRules = (
			);
			dependencies = (
				29F31B6E22FB5FD800D2968E /* PBXTargetDependency */,
			);
			name = ZebraSwiftExample;
			productName = ZebraSwiftExample;
			productReference = 29F31B3A22FB59CC00D2968E /* ZebraSwiftExample.app */;
			productType = "com.apple.product-type.application";
		};
/* End PBXNativeTarget section */

/* Begin PBXProject section */
		291DC98B22FB533E0043FBDD /* Project object */ = {
			isa = PBXProject;
			attributes = {
				LastSwiftUpdateCheck = 1020;
				LastUpgradeCheck = 1020;
				ORGANIZATIONNAME = "Couto Code";
				TargetAttributes = {
					291DC99322FB533E0043FBDD = {
						CreatedOnToolsVersion = 10.2.1;
						LastSwiftMigration = 1020;
					};
					29F31B3922FB59CC00D2968E = {
						CreatedOnToolsVersion = 10.2.1;
					};
				};
			};
			buildConfigurationList = 291DC98E22FB533E0043FBDD /* Build configuration list for PBXProject "ZebraSwift" */;
			compatibilityVersion = "Xcode 9.3";
			developmentRegion = en;
			hasScannedForEncodings = 0;
			knownRegions = (
				en,
				Base,
			);
			mainGroup = 291DC98A22FB533E0043FBDD;
			productRefGroup = 291DC99522FB533E0043FBDD /* Products */;
			projectDirPath = "";
			projectRoot = "";
			targets = (
				291DC99322FB533E0043FBDD /* ZebraSwift */,
				29F31B3922FB59CC00D2968E /* ZebraSwiftExample */,
			);
		};
/* End PBXProject section */

/* Begin PBXResourcesBuildPhase section */
		291DC99222FB533E0043FBDD /* Resources */ = {
			isa = PBXResourcesBuildPhase;
			buildActionMask = 2147483647;
			files = (
			);
			runOnlyForDeploymentPostprocessing = 0;
		};
		29F31B3822FB59CC00D2968E /* Resources */ = {
			isa = PBXResourcesBuildPhase;
			buildActionMask = 2147483647;
			files = (
				29F31B4A22FB59CD00D2968E /* LaunchScreen.storyboard in Resources */,
				29F31B4722FB59CD00D2968E /* Assets.xcassets in Resources */,
				29F31B4222FB59CC00D2968E /* Main.storyboard in Resources */,
			);
			runOnlyForDeploymentPostprocessing = 0;
		};
/* End PBXResourcesBuildPhase section */

/* Begin PBXSourcesBuildPhase section */
		291DC99022FB533E0043FBDD /* Sources */ = {
			isa = PBXSourcesBuildPhase;
			buildActionMask = 2147483647;
			files = (
				29F31B6722FB5AA500D2968E /* ZebraSwift.swift in Sources */,
			);
			runOnlyForDeploymentPostprocessing = 0;
		};
		29F31B3622FB59CC00D2968E /* Sources */ = {
			isa = PBXSourcesBuildPhase;
			buildActionMask = 2147483647;
			files = (
				29F31B4522FB59CC00D2968E /* ZebraSwiftExample.xcdatamodeld in Sources */,
				29F31B3F22FB59CC00D2968E /* ViewController.swift in Sources */,
				29F31B3D22FB59CC00D2968E /* AppDelegate.swift in Sources */,
			);
			runOnlyForDeploymentPostprocessing = 0;
		};
/* End PBXSourcesBuildPhase section */

/* Begin PBXTargetDependency section */
		29F31B6E22FB5FD800D2968E /* PBXTargetDependency */ = {
			isa = PBXTargetDependency;
			target = 291DC99322FB533E0043FBDD /* ZebraSwift */;
			targetProxy = 29F31B6D22FB5FD800D2968E /* PBXContainerItemProxy */;
		};
/* End PBXTargetDependency section */

/* Begin PBXVariantGroup section */
		29F31B4022FB59CC00D2968E /* Main.storyboard */ = {
			isa = PBXVariantGroup;
			children = (
				29F31B4122FB59CC00D2968E /* Base */,
			);
			name = Main.storyboard;
			sourceTree = "<group>";
		};
		29F31B4822FB59CD00D2968E /* LaunchScreen.storyboard */ = {
			isa = PBXVariantGroup;
			children = (
				29F31B4922FB59CD00D2968E /* Base */,
			);
			name = LaunchScreen.storyboard;
			sourceTree = "<group>";
		};
/* End PBXVariantGroup section */

/* Begin XCBuildConfiguration section */
		291DC99A22FB533E0043FBDD /* Debug */ = {
			isa = XCBuildConfiguration;
			buildSettings = {
				ALWAYS_SEARCH_USER_PATHS = NO;
				CLANG_ANALYZER_NONNULL = YES;
				CLANG_ANALYZER_NUMBER_OBJECT_CONVERSION = YES_AGGRESSIVE;
				CLANG_CXX_LANGUAGE_STANDARD = "gnu++14";
				CLANG_CXX_LIBRARY = "libc++";
				CLANG_ENABLE_MODULES = YES;
				CLANG_ENABLE_OBJC_ARC = YES;
				CLANG_ENABLE_OBJC_WEAK = YES;
				CLANG_WARN_BLOCK_CAPTURE_AUTORELEASING = YES;
				CLANG_WARN_BOOL_CONVERSION = YES;
				CLANG_WARN_COMMA = YES;
				CLANG_WARN_CONSTANT_CONVERSION = YES;
				CLANG_WARN_DEPRECATED_OBJC_IMPLEMENTATIONS = YES;
				CLANG_WARN_DIRECT_OBJC_ISA_USAGE = YES_ERROR;
				CLANG_WARN_DOCUMENTATION_COMMENTS = YES;
				CLANG_WARN_EMPTY_BODY = YES;
				CLANG_WARN_ENUM_CONVERSION = YES;
				CLANG_WARN_INFINITE_RECURSION = YES;
				CLANG_WARN_INT_CONVERSION = YES;
				CLANG_WARN_NON_LITERAL_NULL_CONVERSION = YES;
				CLANG_WARN_OBJC_IMPLICIT_RETAIN_SELF = YES;
				CLANG_WARN_OBJC_LITERAL_CONVERSION = YES;
				CLANG_WARN_OBJC_ROOT_CLASS = YES_ERROR;
				CLANG_WARN_RANGE_LOOP_ANALYSIS = YES;
				CLANG_WARN_STRICT_PROTOTYPES = YES;
				CLANG_WARN_SUSPICIOUS_MOVE = YES;
				CLANG_WARN_UNGUARDED_AVAILABILITY = YES_AGGRESSIVE;
				CLANG_WARN_UNREACHABLE_CODE = YES;
				CLANG_WARN__DUPLICATE_METHOD_MATCH = YES;
				CODE_SIGN_IDENTITY = "iPhone Developer";
				COPY_PHASE_STRIP = NO;
				CURRENT_PROJECT_VERSION = 1;
				DEBUG_INFORMATION_FORMAT = dwarf;
				ENABLE_STRICT_OBJC_MSGSEND = YES;
				ENABLE_TESTABILITY = YES;
				GCC_C_LANGUAGE_STANDARD = gnu11;
				GCC_DYNAMIC_NO_PIC = NO;
				GCC_NO_COMMON_BLOCKS = YES;
				GCC_OPTIMIZATION_LEVEL = 0;
				GCC_PREPROCESSOR_DEFINITIONS = (
					"DEBUG=1",
					"$(inherited)",
				);
				GCC_WARN_64_TO_32_BIT_CONVERSION = YES;
				GCC_WARN_ABOUT_RETURN_TYPE = YES_ERROR;
				GCC_WARN_UNDECLARED_SELECTOR = YES;
				GCC_WARN_UNINITIALIZED_AUTOS = YES_AGGRESSIVE;
				GCC_WARN_UNUSED_FUNCTION = YES;
				GCC_WARN_UNUSED_VARIABLE = YES;
				IPHONEOS_DEPLOYMENT_TARGET = 12.2;
				MTL_ENABLE_DEBUG_INFO = INCLUDE_SOURCE;
				MTL_FAST_MATH = YES;
				ONLY_ACTIVE_ARCH = YES;
				SDKROOT = iphoneos;
				SWIFT_ACTIVE_COMPILATION_CONDITIONS = DEBUG;
				SWIFT_OPTIMIZATION_LEVEL = "-Onone";
				VERSIONING_SYSTEM = "apple-generic";
				VERSION_INFO_PREFIX = "";
			};
			name = Debug;
		};
		291DC99B22FB533E0043FBDD /* Release */ = {
			isa = XCBuildConfiguration;
			buildSettings = {
				ALWAYS_SEARCH_USER_PATHS = NO;
				CLANG_ANALYZER_NONNULL = YES;
				CLANG_ANALYZER_NUMBER_OBJECT_CONVERSION = YES_AGGRESSIVE;
				CLANG_CXX_LANGUAGE_STANDARD = "gnu++14";
				CLANG_CXX_LIBRARY = "libc++";
				CLANG_ENABLE_MODULES = YES;
				CLANG_ENABLE_OBJC_ARC = YES;
				CLANG_ENABLE_OBJC_WEAK = YES;
				CLANG_WARN_BLOCK_CAPTURE_AUTORELEASING = YES;
				CLANG_WARN_BOOL_CONVERSION = YES;
				CLANG_WARN_COMMA = YES;
				CLANG_WARN_CONSTANT_CONVERSION = YES;
				CLANG_WARN_DEPRECATED_OBJC_IMPLEMENTATIONS = YES;
				CLANG_WARN_DIRECT_OBJC_ISA_USAGE = YES_ERROR;
				CLANG_WARN_DOCUMENTATION_COMMENTS = YES;
				CLANG_WARN_EMPTY_BODY = YES;
				CLANG_WARN_ENUM_CONVERSION = YES;
				CLANG_WARN_INFINITE_RECURSION = YES;
				CLANG_WARN_INT_CONVERSION = YES;
				CLANG_WARN_NON_LITERAL_NULL_CONVERSION = YES;
				CLANG_WARN_OBJC_IMPLICIT_RETAIN_SELF = YES;
				CLANG_WARN_OBJC_LITERAL_CONVERSION = YES;
				CLANG_WARN_OBJC_ROOT_CLASS = YES_ERROR;
				CLANG_WARN_RANGE_LOOP_ANALYSIS = YES;
				CLANG_WARN_STRICT_PROTOTYPES = YES;
				CLANG_WARN_SUSPICIOUS_MOVE = YES;
				CLANG_WARN_UNGUARDED_AVAILABILITY = YES_AGGRESSIVE;
				CLANG_WARN_UNREACHABLE_CODE = YES;
				CLANG_WARN__DUPLICATE_METHOD_MATCH = YES;
				CODE_SIGN_IDENTITY = "iPhone Developer";
				COPY_PHASE_STRIP = NO;
				CURRENT_PROJECT_VERSION = 1;
				DEBUG_INFORMATION_FORMAT = "dwarf-with-dsym";
				ENABLE_NS_ASSERTIONS = NO;
				ENABLE_STRICT_OBJC_MSGSEND = YES;
				GCC_C_LANGUAGE_STANDARD = gnu11;
				GCC_NO_COMMON_BLOCKS = YES;
				GCC_WARN_64_TO_32_BIT_CONVERSION = YES;
				GCC_WARN_ABOUT_RETURN_TYPE = YES_ERROR;
				GCC_WARN_UNDECLARED_SELECTOR = YES;
				GCC_WARN_UNINITIALIZED_AUTOS = YES_AGGRESSIVE;
				GCC_WARN_UNUSED_FUNCTION = YES;
				GCC_WARN_UNUSED_VARIABLE = YES;
				IPHONEOS_DEPLOYMENT_TARGET = 12.2;
				MTL_ENABLE_DEBUG_INFO = NO;
				MTL_FAST_MATH = YES;
				SDKROOT = iphoneos;
				SWIFT_COMPILATION_MODE = wholemodule;
				SWIFT_OPTIMIZATION_LEVEL = "-O";
				VALIDATE_PRODUCT = YES;
				VERSIONING_SYSTEM = "apple-generic";
				VERSION_INFO_PREFIX = "";
			};
			name = Release;
		};
		291DC99D22FB533E0043FBDD /* Debug */ = {
			isa = XCBuildConfiguration;
			buildSettings = {
				CLANG_ALLOW_NON_MODULAR_INCLUDES_IN_FRAMEWORK_MODULES = YES;
				CLANG_ENABLE_MODULES = YES;
				CODE_SIGN_IDENTITY = "";
				CODE_SIGN_STYLE = Automatic;
				DEFINES_MODULE = YES;
				DEVELOPMENT_TEAM = 7TW6282C6A;
				DYLIB_COMPATIBILITY_VERSION = 1;
				DYLIB_CURRENT_VERSION = 1;
				DYLIB_INSTALL_NAME_BASE = "@rpath";
				INFOPLIST_FILE = ZebraSwift/Info.plist;
				INSTALL_PATH = "$(LOCAL_LIBRARY_DIR)/Frameworks";
				LD_RUNPATH_SEARCH_PATHS = (
					"$(inherited)",
					"@executable_path/Frameworks",
					"@loader_path/Frameworks",
				);
				LIBRARY_SEARCH_PATHS = (
					"$(inherited)",
					"$(PROJECT_DIR)/ZebraSwift",
					"$(PROJECT_DIR)/ZebraSwift/Source",
				);
				PRODUCT_BUNDLE_IDENTIFIER = com.coutocode.ZebraSwift;
				PRODUCT_NAME = "$(TARGET_NAME:c99extidentifier)";
				SKIP_INSTALL = YES;
				SWIFT_OPTIMIZATION_LEVEL = "-Onone";
				SWIFT_VERSION = 5.0;
				TARGETED_DEVICE_FAMILY = "1,2";
			};
			name = Debug;
		};
		291DC99E22FB533E0043FBDD /* Release */ = {
			isa = XCBuildConfiguration;
			buildSettings = {
				CLANG_ALLOW_NON_MODULAR_INCLUDES_IN_FRAMEWORK_MODULES = YES;
				CLANG_ENABLE_MODULES = YES;
				CODE_SIGN_IDENTITY = "";
				CODE_SIGN_STYLE = Automatic;
				DEFINES_MODULE = YES;
				DEVELOPMENT_TEAM = 7TW6282C6A;
				DYLIB_COMPATIBILITY_VERSION = 1;
				DYLIB_CURRENT_VERSION = 1;
				DYLIB_INSTALL_NAME_BASE = "@rpath";
				INFOPLIST_FILE = ZebraSwift/Info.plist;
				INSTALL_PATH = "$(LOCAL_LIBRARY_DIR)/Frameworks";
				LD_RUNPATH_SEARCH_PATHS = (
					"$(inherited)",
					"@executable_path/Frameworks",
					"@loader_path/Frameworks",
				);
				LIBRARY_SEARCH_PATHS = (
					"$(inherited)",
					"$(PROJECT_DIR)/ZebraSwift",
					"$(PROJECT_DIR)/ZebraSwift/Source",
				);
				PRODUCT_BUNDLE_IDENTIFIER = com.coutocode.ZebraSwift;
				PRODUCT_NAME = "$(TARGET_NAME:c99extidentifier)";
				SKIP_INSTALL = YES;
				SWIFT_VERSION = 5.0;
				TARGETED_DEVICE_FAMILY = "1,2";
			};
			name = Release;
		};
		29F31B4C22FB59CD00D2968E /* Debug */ = {
			isa = XCBuildConfiguration;
			buildSettings = {
				ALWAYS_EMBED_SWIFT_STANDARD_LIBRARIES = YES;
				ASSETCATALOG_COMPILER_APPICON_NAME = AppIcon;
				CODE_SIGN_STYLE = Automatic;
				DEVELOPMENT_TEAM = 7TW6282C6A;
				INFOPLIST_FILE = ZebraSwiftExample/Info.plist;
				LD_RUNPATH_SEARCH_PATHS = (
					"$(inherited)",
					"@executable_path/Frameworks",
				);
				LIBRARY_SEARCH_PATHS = (
					"$(inherited)",
					"$(PROJECT_DIR)/ZebraSwift",
				);
				PRODUCT_BUNDLE_IDENTIFIER = com.coutocode.ZebraSwiftExample;
				PRODUCT_NAME = "$(TARGET_NAME)";
				SWIFT_VERSION = 5.0;
				TARGETED_DEVICE_FAMILY = "1,2";
			};
			name = Debug;
		};
		29F31B4D22FB59CD00D2968E /* Release */ = {
			isa = XCBuildConfiguration;
			buildSettings = {
				ALWAYS_EMBED_SWIFT_STANDARD_LIBRARIES = YES;
				ASSETCATALOG_COMPILER_APPICON_NAME = AppIcon;
				CODE_SIGN_STYLE = Automatic;
				DEVELOPMENT_TEAM = 7TW6282C6A;
				INFOPLIST_FILE = ZebraSwiftExample/Info.plist;
				LD_RUNPATH_SEARCH_PATHS = (
					"$(inherited)",
					"@executable_path/Frameworks",
				);
				LIBRARY_SEARCH_PATHS = (
					"$(inherited)",
					"$(PROJECT_DIR)/ZebraSwift",
				);
				PRODUCT_BUNDLE_IDENTIFIER = com.coutocode.ZebraSwiftExample;
				PRODUCT_NAME = "$(TARGET_NAME)";
				SWIFT_VERSION = 5.0;
				TARGETED_DEVICE_FAMILY = "1,2";
			};
			name = Release;
		};
/* End XCBuildConfiguration section */

/* Begin XCConfigurationList section */
		291DC98E22FB533E0043FBDD /* Build configuration list for PBXProject "ZebraSwift" */ = {
			isa = XCConfigurationList;
			buildConfigurations = (
				291DC99A22FB533E0043FBDD /* Debug */,
				291DC99B22FB533E0043FBDD /* Release */,
			);
			defaultConfigurationIsVisible = 0;
			defaultConfigurationName = Release;
		};
		291DC99C22FB533E0043FBDD /* Build configuration list for PBXNativeTarget "ZebraSwift" */ = {
			isa = XCConfigurationList;
			buildConfigurations = (
				291DC99D22FB533E0043FBDD /* Debug */,
				291DC99E22FB533E0043FBDD /* Release */,
			);
			defaultConfigurationIsVisible = 0;
			defaultConfigurationName = Release;
		};
		29F31B4E22FB59CD00D2968E /* Build configuration list for PBXNativeTarget "ZebraSwiftExample" */ = {
			isa = XCConfigurationList;
			buildConfigurations = (
				29F31B4C22FB59CD00D2968E /* Debug */,
				29F31B4D22FB59CD00D2968E /* Release */,
			);
			defaultConfigurationIsVisible = 0;
			defaultConfigurationName = Release;
		};
/* End XCConfigurationList section */

/* Begin XCVersionGroup section */
		29F31B4322FB59CC00D2968E /* ZebraSwiftExample.xcdatamodeld */ = {
			isa = XCVersionGroup;
			children = (
				29F31B4422FB59CC00D2968E /* ZebraSwiftExample.xcdatamodel */,
			);
			currentVersion = 29F31B4422FB59CC00D2968E /* ZebraSwiftExample.xcdatamodel */;
			path = ZebraSwiftExample.xcdatamodeld;
			sourceTree = "<group>";
			versionGroupType = wrapper.xcdatamodel;
		};
/* End XCVersionGroup section */
	};
	rootObject = 291DC98B22FB533E0043FBDD /* Project object */;
}
